
Microsoft Visual Studio Solution File, Format Version 12.00
# Visual Studio Version 17
VisualStudioVersion = 17.8.34322.80
MinimumVisualStudioVersion = 10.0.40219.1
Project("{FAE04EC0-301F-11D3-BF4B-00C04F79EFBC}") = "Projeto1TDVD", "Projeto1TDVD.csproj", "{49A78A21-166B-4B2E-8FAE-F80E38672965}"
EndProject
Global
	GlobalSection(SolutionConfigurationPlatforms) = preSolution
		Debug|Any CPU = Debug|Any CPU
		Release|Any CPU = Release|Any CPU
	EndGlobalSection
	GlobalSection(ProjectConfigurationPlatforms) = postSolution
		{49A78A21-166B-4B2E-8FAE-F80E38672965}.Debug|Any CPU.ActiveCfg = Debug|Any CPU
		{49A78A21-166B-4B2E-8FAE-F80E38672965}.Debug|Any CPU.Build.0 = Debug|Any CPU
		{49A78A21-166B-4B2E-8FAE-F80E38672965}.Release|Any CPU.ActiveCfg = Release|Any CPU
		{49A78A21-166B-4B2E-8FAE-F80E38672965}.Release|Any CPU.Build.0 = Release|Any CPU
	EndGlobalSection
	GlobalSection(SolutionProperties) = preSolution
		HideSolutionNode = FALSE
	EndGlobalSection
	GlobalSection(ExtensibilityGlobals) = postSolution
		SolutionGuid = {6D3523C9-6CDE-4582-813F-84CE6372C1EA}
	EndGlobalSection
EndGlobal
